
Microsoft Visual Studio Solution File, Format Version 12.00
# Visual Studio 15
VisualStudioVersion = 15.0.28010.2036
MinimumVisualStudioVersion = 10.0.40219.1
Project("{FAE04EC0-301F-11D3-BF4B-00C04F79EFBC}") = "ISTA322_Lab8A", "ISTA322_Lab8A\ISTA322_Lab8A.csproj", "{0D42B423-6709-4D8B-8D13-2977FDF2DDE2}"
EndProject
Global
	GlobalSection(SolutionConfigurationPlatforms) = preSolution
		Debug|Any CPU = Debug|Any CPU
		Release|Any CPU = Release|Any CPU
	EndGlobalSection
	GlobalSection(ProjectConfigurationPlatforms) = postSolution
		{0D42B423-6709-4D8B-8D13-2977FDF2DDE2}.Debug|Any CPU.ActiveCfg = Debug|Any CPU
		{0D42B423-6709-4D8B-8D13-2977FDF2DDE2}.Debug|Any CPU.Build.0 = Debug|Any CPU
		{0D42B423-6709-4D8B-8D13-2977FDF2DDE2}.Release|Any CPU.ActiveCfg = Release|Any CPU
		{0D42B423-6709-4D8B-8D13-2977FDF2DDE2}.Release|Any CPU.Build.0 = Release|Any CPU
	EndGlobalSection
	GlobalSection(SolutionProperties) = preSolution
		HideSolutionNode = FALSE
	EndGlobalSection
	GlobalSection(ExtensibilityGlobals) = postSolution
		SolutionGuid = {7DE93E56-67A3-4FC7-B253-9BF3BE19B622}
	EndGlobalSection
EndGlobal
